// !$*UTF8*$!
{
	archiveVersion = 1;
	classes = {
	};
	objectVersion = 56;
	objects = {

/* Begin PBXBuildFile section */
		007BAE812A051D210098E3CD /* etherealApp.swift in Sources */ = {isa = PBXBuildFile; fileRef = 007BAE802A051D210098E3CD /* etherealApp.swift */; };
		007BAE832A051D210098E3CD /* ContentView.swift in Sources */ = {isa = PBXBuildFile; fileRef = 007BAE822A051D210098E3CD /* ContentView.swift */; };
		007BAE852A051D240098E3CD /* Assets.xcassets in Resources */ = {isa = PBXBuildFile; fileRef = 007BAE842A051D240098E3CD /* Assets.xcassets */; };
		007BAE882A051D240098E3CD /* Preview Assets.xcassets in Resources */ = {isa = PBXBuildFile; fileRef = 007BAE872A051D240098E3CD /* Preview Assets.xcassets */; };
		007BAE922A051D240098E3CD /* etherealTests.swift in Sources */ = {isa = PBXBuildFile; fileRef = 007BAE912A051D240098E3CD /* etherealTests.swift */; };
		007BAE9C2A051D240098E3CD /* etherealUITests.swift in Sources */ = {isa = PBXBuildFile; fileRef = 007BAE9B2A051D240098E3CD /* etherealUITests.swift */; };
		007BAE9E2A051D240098E3CD /* etherealUITestsLaunchTests.swift in Sources */ = {isa = PBXBuildFile; fileRef = 007BAE9D2A051D240098E3CD /* etherealUITestsLaunchTests.swift */; };
/* End PBXBuildFile section */

/* Begin PBXContainerItemProxy section */
		007BAE8E2A051D240098E3CD /* PBXContainerItemProxy */ = {
			isa = PBXContainerItemProxy;
			containerPortal = 007BAE752A051D210098E3CD /* Project object */;
			proxyType = 1;
			remoteGlobalIDString = 007BAE7C2A051D210098E3CD;
			remoteInfo = ethereal;
		};
		007BAE982A051D240098E3CD /* PBXContainerItemProxy */ = {
			isa = PBXContainerItemProxy;
			containerPortal = 007BAE752A051D210098E3CD /* Project object */;
			proxyType = 1;
			remoteGlobalIDString = 007BAE7C2A051D210098E3CD;
			remoteInfo = ethereal;
		};
/* End PBXContainerItemProxy section */

/* Begin PBXFileReference section */
		007BAE7D2A051D210098E3CD /* ethereal.app */ = {isa = PBXFileReference; explicitFileType = wrapper.application; includeInIndex = 0; path = ethereal.app; sourceTree = BUILT_PRODUCTS_DIR; };
		007BAE802A051D210098E3CD /* etherealApp.swift */ = {isa = PBXFileReference; lastKnownFileType = sourcecode.swift; path = etherealApp.swift; sourceTree = "<group>"; };
		007BAE822A051D210098E3CD /* ContentView.swift */ = {isa = PBXFileReference; lastKnownFileType = sourcecode.swift; path = ContentView.swift; sourceTree = "<group>"; };
		007BAE842A051D240098E3CD /* Assets.xcassets */ = {isa = PBXFileReference; lastKnownFileType = folder.assetcatalog; path = Assets.xcassets; sourceTree = "<group>"; };
		007BAE872A051D240098E3CD /* Preview Assets.xcassets */ = {isa = PBXFileReference; lastKnownFileType = folder.assetcatalog; path = "Preview Assets.xcassets"; sourceTree = "<group>"; };
		007BAE8D2A051D240098E3CD /* etherealTests.xctest */ = {isa = PBXFileReference; explicitFileType = wrapper.cfbundle; includeInIndex = 0; path = etherealTests.xctest; sourceTree = BUILT_PRODUCTS_DIR; };
		007BAE912A051D240098E3CD /* etherealTests.swift */ = {isa = PBXFileReference; lastKnownFileType = sourcecode.swift; path = etherealTests.swift; sourceTree = "<group>"; };
		007BAE972A051D240098E3CD /* etherealUITests.xctest */ = {isa = PBXFileReference; explicitFileType = wrapper.cfbundle; includeInIndex = 0; path = etherealUITests.xctest; sourceTree = BUILT_PRODUCTS_DIR; };
		007BAE9B2A051D240098E3CD /* etherealUITests.swift */ = {isa = PBXFileReference; lastKnownFileType = sourcecode.swift; path = etherealUITests.swift; sourceTree = "<group>"; };
		007BAE9D2A051D240098E3CD /* etherealUITestsLaunchTests.swift */ = {isa = PBXFileReference; lastKnownFileType = sourcecode.swift; path = etherealUITestsLaunchTests.swift; sourceTree = "<group>"; };
/* End PBXFileReference section */

/* Begin PBXFrameworksBuildPhase section */
		007BAE7A2A051D210098E3CD /* Frameworks */ = {
			isa = PBXFrameworksBuildPhase;
			buildActionMask = 2147483647;
			files = (
			);
			runOnlyForDeploymentPostprocessing = 0;
		};
		007BAE8A2A051D240098E3CD /* Frameworks */ = {
			isa = PBXFrameworksBuildPhase;
			buildActionMask = 2147483647;
			files = (
			);
			runOnlyForDeploymentPostprocessing = 0;
		};
		007BAE942A051D240098E3CD /* Frameworks */ = {
			isa = PBXFrameworksBuildPhase;
			buildActionMask = 2147483647;
			files = (
			);
			runOnlyForDeploymentPostprocessing = 0;
		};
/* End PBXFrameworksBuildPhase section */

/* Begin PBXGroup section */
		007BAE742A051D210098E3CD = {
			isa = PBXGroup;
			children = (
				007BAE7F2A051D210098E3CD /* ethereal */,
				007BAE902A051D240098E3CD /* etherealTests */,
				007BAE9A2A051D240098E3CD /* etherealUITests */,
				007BAE7E2A051D210098E3CD /* Products */,
			);
			sourceTree = "<group>";
		};
		007BAE7E2A051D210098E3CD /* Products */ = {
			isa = PBXGroup;
			children = (
				007BAE7D2A051D210098E3CD /* ethereal.app */,
				007BAE8D2A051D240098E3CD /* etherealTests.xctest */,
				007BAE972A051D240098E3CD /* etherealUITests.xctest */,
			);
			name = Products;
			sourceTree = "<group>";
		};
		007BAE7F2A051D210098E3CD /* ethereal */ = {
			isa = PBXGroup;
			children = (
				007BAE802A051D210098E3CD /* etherealApp.swift */,
				007BAE822A051D210098E3CD /* ContentView.swift */,
				007BAE842A051D240098E3CD /* Assets.xcassets */,
				007BAE862A051D240098E3CD /* Preview Content */,
			);
			path = ethereal;
			sourceTree = "<group>";
		};
		007BAE862A051D240098E3CD /* Preview Content */ = {
			isa = PBXGroup;
			children = (
				007BAE872A051D240098E3CD /* Preview Assets.xcassets */,
			);
			path = "Preview Content";
			sourceTree = "<group>";
		};
		007BAE902A051D240098E3CD /* etherealTests */ = {
			isa = PBXGroup;
			children = (
				007BAE912A051D240098E3CD /* etherealTests.swift */,
			);
			path = etherealTests;
			sourceTree = "<group>";
		};
		007BAE9A2A051D240098E3CD /* etherealUITests */ = {
			isa = PBXGroup;
			children = (
				007BAE9B2A051D240098E3CD /* etherealUITests.swift */,
				007BAE9D2A051D240098E3CD /* etherealUITestsLaunchTests.swift */,
			);
			path = etherealUITests;
			sourceTree = "<group>";
		};
/* End PBXGroup section */

/* Begin PBXNativeTarget section */
		007BAE7C2A051D210098E3CD /* ethereal */ = {
			isa = PBXNativeTarget;
			buildConfigurationList = 007BAEA12A051D240098E3CD /* Build configuration list for PBXNativeTarget "ethereal" */;
			buildPhases = (
				007BAE792A051D210098E3CD /* Sources */,
				007BAE7A2A051D210098E3CD /* Frameworks */,
				007BAE7B2A051D210098E3CD /* Resources */,
			);
			buildRules = (
			);
			dependencies = (
			);
			name = ethereal;
			productName = ethereal;
			productReference = 007BAE7D2A051D210098E3CD /* ethereal.app */;
			productType = "com.apple.product-type.application";
		};
		007BAE8C2A051D240098E3CD /* etherealTests */ = {
			isa = PBXNativeTarget;
			buildConfigurationList = 007BAEA42A051D240098E3CD /* Build configuration list for PBXNativeTarget "etherealTests" */;
			buildPhases = (
				007BAE892A051D240098E3CD /* Sources */,
				007BAE8A2A051D240098E3CD /* Frameworks */,
				007BAE8B2A051D240098E3CD /* Resources */,
			);
			buildRules = (
			);
			dependencies = (
				007BAE8F2A051D240098E3CD /* PBXTargetDependency */,
			);
			name = etherealTests;
			productName = etherealTests;
			productReference = 007BAE8D2A051D240098E3CD /* etherealTests.xctest */;
			productType = "com.apple.product-type.bundle.unit-test";
		};
		007BAE962A051D240098E3CD /* etherealUITests */ = {
			isa = PBXNativeTarget;
			buildConfigurationList = 007BAEA72A051D240098E3CD /* Build configuration list for PBXNativeTarget "etherealUITests" */;
			buildPhases = (
				007BAE932A051D240098E3CD /* Sources */,
				007BAE942A051D240098E3CD /* Frameworks */,
				007BAE952A051D240098E3CD /* Resources */,
			);
			buildRules = (
			);
			dependencies = (
				007BAE992A051D240098E3CD /* PBXTargetDependency */,
			);
			name = etherealUITests;
			productName = etherealUITests;
			productReference = 007BAE972A051D240098E3CD /* etherealUITests.xctest */;
			productType = "com.apple.product-type.bundle.ui-testing";
		};
/* End PBXNativeTarget section */

/* Begin PBXProject section */
		007BAE752A051D210098E3CD /* Project object */ = {
			isa = PBXProject;
			attributes = {
				BuildIndependentTargetsInParallel = 1;
				LastSwiftUpdateCheck = 1430;
				LastUpgradeCheck = 1430;
				TargetAttributes = {
					007BAE7C2A051D210098E3CD = {
						CreatedOnToolsVersion = 14.3;
					};
					007BAE8C2A051D240098E3CD = {
						CreatedOnToolsVersion = 14.3;
						TestTargetID = 007BAE7C2A051D210098E3CD;
					};
					007BAE962A051D240098E3CD = {
						CreatedOnToolsVersion = 14.3;
						TestTargetID = 007BAE7C2A051D210098E3CD;
					};
				};
			};
			buildConfigurationList = 007BAE782A051D210098E3CD /* Build configuration list for PBXProject "ethereal" */;
			compatibilityVersion = "Xcode 14.0";
			developmentRegion = en;
			hasScannedForEncodings = 0;
			knownRegions = (
				en,
				Base,
			);
			mainGroup = 007BAE742A051D210098E3CD;
			productRefGroup = 007BAE7E2A051D210098E3CD /* Products */;
			projectDirPath = "";
			projectRoot = "";
			targets = (
				007BAE7C2A051D210098E3CD /* ethereal */,
				007BAE8C2A051D240098E3CD /* etherealTests */,
				007BAE962A051D240098E3CD /* etherealUITests */,
			);
		};
/* End PBXProject section */

/* Begin PBXResourcesBuildPhase section */
		007BAE7B2A051D210098E3CD /* Resources */ = {
			isa = PBXResourcesBuildPhase;
			buildActionMask = 2147483647;
			files = (
				007BAE882A051D240098E3CD /* Preview Assets.xcassets in Resources */,
				007BAE852A051D240098E3CD /* Assets.xcassets in Resources */,
			);
			runOnlyForDeploymentPostprocessing = 0;
		};
		007BAE8B2A051D240098E3CD /* Resources */ = {
			isa = PBXResourcesBuildPhase;
			buildActionMask = 2147483647;
			files = (
			);
			runOnlyForDeploymentPostprocessing = 0;
		};
		007BAE952A051D240098E3CD /* Resources */ = {
			isa = PBXResourcesBuildPhase;
			buildActionMask = 2147483647;
			files = (
			);
			runOnlyForDeploymentPostprocessing = 0;
		};
/* End PBXResourcesBuildPhase section */

/* Begin PBXSourcesBuildPhase section */
		007BAE792A051D210098E3CD /* Sources */ = {
			isa = PBXSourcesBuildPhase;
			buildActionMask = 2147483647;
			files = (
				007BAE832A051D210098E3CD /* ContentView.swift in Sources */,
				007BAE812A051D210098E3CD /* etherealApp.swift in Sources */,
			);
			runOnlyForDeploymentPostprocessing = 0;
		};
		007BAE892A051D240098E3CD /* Sources */ = {
			isa = PBXSourcesBuildPhase;
			buildActionMask = 2147483647;
			files = (
				007BAE922A051D240098E3CD /* etherealTests.swift in Sources */,
			);
			runOnlyForDeploymentPostprocessing = 0;
		};
		007BAE932A051D240098E3CD /* Sources */ = {
			isa = PBXSourcesBuildPhase;
			buildActionMask = 2147483647;
			files = (
				007BAE9E2A051D240098E3CD /* etherealUITestsLaunchTests.swift in Sources */,
				007BAE9C2A051D240098E3CD /* etherealUITests.swift in Sources */,
			);
			runOnlyForDeploymentPostprocessing = 0;
		};
/* End PBXSourcesBuildPhase section */

/* Begin PBXTargetDependency section */
		007BAE8F2A051D240098E3CD /* PBXTargetDependency */ = {
			isa = PBXTargetDependency;
			target = 007BAE7C2A051D210098E3CD /* ethereal */;
			targetProxy = 007BAE8E2A051D240098E3CD /* PBXContainerItemProxy */;
		};
		007BAE992A051D240098E3CD /* PBXTargetDependency */ = {
			isa = PBXTargetDependency;
			target = 007BAE7C2A051D210098E3CD /* ethereal */;
			targetProxy = 007BAE982A051D240098E3CD /* PBXContainerItemProxy */;
		};
/* End PBXTargetDependency section */

/* Begin XCBuildConfiguration section */
		007BAE9F2A051D240098E3CD /* Debug */ = {
			isa = XCBuildConfiguration;
			buildSettings = {
				ALWAYS_SEARCH_USER_PATHS = NO;
				CLANG_ANALYZER_NONNULL = YES;
				CLANG_ANALYZER_NUMBER_OBJECT_CONVERSION = YES_AGGRESSIVE;
				CLANG_CXX_LANGUAGE_STANDARD = "gnu++20";
				CLANG_ENABLE_MODULES = YES;
				CLANG_ENABLE_OBJC_ARC = YES;
				CLANG_ENABLE_OBJC_WEAK = YES;
				CLANG_WARN_BLOCK_CAPTURE_AUTORELEASING = YES;
				CLANG_WARN_BOOL_CONVERSION = YES;
				CLANG_WARN_COMMA = YES;
				CLANG_WARN_CONSTANT_CONVERSION = YES;
				CLANG_WARN_DEPRECATED_OBJC_IMPLEMENTATIONS = YES;
				CLANG_WARN_DIRECT_OBJC_ISA_USAGE = YES_ERROR;
				CLANG_WARN_DOCUMENTATION_COMMENTS = YES;
				CLANG_WARN_EMPTY_BODY = YES;
				CLANG_WARN_ENUM_CONVERSION = YES;
				CLANG_WARN_INFINITE_RECURSION = YES;
				CLANG_WARN_INT_CONVERSION = YES;
				CLANG_WARN_NON_LITERAL_NULL_CONVERSION = YES;
				CLANG_WARN_OBJC_IMPLICIT_RETAIN_SELF = YES;
				CLANG_WARN_OBJC_LITERAL_CONVERSION = YES;
				CLANG_WARN_OBJC_ROOT_CLASS = YES_ERROR;
				CLANG_WARN_QUOTED_INCLUDE_IN_FRAMEWORK_HEADER = YES;
				CLANG_WARN_RANGE_LOOP_ANALYSIS = YES;
				CLANG_WARN_STRICT_PROTOTYPES = YES;
				CLANG_WARN_SUSPICIOUS_MOVE = YES;
				CLANG_WARN_UNGUARDED_AVAILABILITY = YES_AGGRESSIVE;
				CLANG_WARN_UNREACHABLE_CODE = YES;
				CLANG_WARN__DUPLICATE_METHOD_MATCH = YES;
				COPY_PHASE_STRIP = NO;
				DEBUG_INFORMATION_FORMAT = dwarf;
				ENABLE_STRICT_OBJC_MSGSEND = YES;
				ENABLE_TESTABILITY = YES;
				GCC_C_LANGUAGE_STANDARD = gnu11;
				GCC_DYNAMIC_NO_PIC = NO;
				GCC_NO_COMMON_BLOCKS = YES;
				GCC_OPTIMIZATION_LEVEL = 0;
				GCC_PREPROCESSOR_DEFINITIONS = (
					"DEBUG=1",
					"$(inherited)",
				);
				GCC_WARN_64_TO_32_BIT_CONVERSION = YES;
				GCC_WARN_ABOUT_RETURN_TYPE = YES_ERROR;
				GCC_WARN_UNDECLARED_SELECTOR = YES;
				GCC_WARN_UNINITIALIZED_AUTOS = YES_AGGRESSIVE;
				GCC_WARN_UNUSED_FUNCTION = YES;
				GCC_WARN_UNUSED_VARIABLE = YES;
				IPHONEOS_DEPLOYMENT_TARGET = 16.4;
				MTL_ENABLE_DEBUG_INFO = INCLUDE_SOURCE;
				MTL_FAST_MATH = YES;
				ONLY_ACTIVE_ARCH = YES;
				SDKROOT = iphoneos;
				SWIFT_ACTIVE_COMPILATION_CONDITIONS = DEBUG;
				SWIFT_OPTIMIZATION_LEVEL = "-Onone";
			};
			name = Debug;
		};
		007BAEA02A051D240098E3CD /* Release */ = {
			isa = XCBuildConfiguration;
			buildSettings = {
				ALWAYS_SEARCH_USER_PATHS = NO;
				CLANG_ANALYZER_NONNULL = YES;
				CLANG_ANALYZER_NUMBER_OBJECT_CONVERSION = YES_AGGRESSIVE;
				CLANG_CXX_LANGUAGE_STANDARD = "gnu++20";
				CLANG_ENABLE_MODULES = YES;
				CLANG_ENABLE_OBJC_ARC = YES;
				CLANG_ENABLE_OBJC_WEAK = YES;
				CLANG_WARN_BLOCK_CAPTURE_AUTORELEASING = YES;
				CLANG_WARN_BOOL_CONVERSION = YES;
				CLANG_WARN_COMMA = YES;
				CLANG_WARN_CONSTANT_CONVERSION = YES;
				CLANG_WARN_DEPRECATED_OBJC_IMPLEMENTATIONS = YES;
				CLANG_WARN_DIRECT_OBJC_ISA_USAGE = YES_ERROR;
				CLANG_WARN_DOCUMENTATION_COMMENTS = YES;
				CLANG_WARN_EMPTY_BODY = YES;
				CLANG_WARN_ENUM_CONVERSION = YES;
				CLANG_WARN_INFINITE_RECURSION = YES;
				CLANG_WARN_INT_CONVERSION = YES;
				CLANG_WARN_NON_LITERAL_NULL_CONVERSION = YES;
				CLANG_WARN_OBJC_IMPLICIT_RETAIN_SELF = YES;
				CLANG_WARN_OBJC_LITERAL_CONVERSION = YES;
				CLANG_WARN_OBJC_ROOT_CLASS = YES_ERROR;
				CLANG_WARN_QUOTED_INCLUDE_IN_FRAMEWORK_HEADER = YES;
				CLANG_WARN_RANGE_LOOP_ANALYSIS = YES;
				CLANG_WARN_STRICT_PROTOTYPES = YES;
				CLANG_WARN_SUSPICIOUS_MOVE = YES;
				CLANG_WARN_UNGUARDED_AVAILABILITY = YES_AGGRESSIVE;
				CLANG_WARN_UNREACHABLE_CODE = YES;
				CLANG_WARN__DUPLICATE_METHOD_MATCH = YES;
				COPY_PHASE_STRIP = NO;
				DEBUG_INFORMATION_FORMAT = "dwarf-with-dsym";
				ENABLE_NS_ASSERTIONS = NO;
				ENABLE_STRICT_OBJC_MSGSEND = YES;
				GCC_C_LANGUAGE_STANDARD = gnu11;
				GCC_NO_COMMON_BLOCKS = YES;
				GCC_WARN_64_TO_32_BIT_CONVERSION = YES;
				GCC_WARN_ABOUT_RETURN_TYPE = YES_ERROR;
				GCC_WARN_UNDECLARED_SELECTOR = YES;
				GCC_WARN_UNINITIALIZED_AUTOS = YES_AGGRESSIVE;
				GCC_WARN_UNUSED_FUNCTION = YES;
				GCC_WARN_UNUSED_VARIABLE = YES;
				IPHONEOS_DEPLOYMENT_TARGET = 16.4;
				MTL_ENABLE_DEBUG_INFO = NO;
				MTL_FAST_MATH = YES;
				SDKROOT = iphoneos;
				SWIFT_COMPILATION_MODE = wholemodule;
				SWIFT_OPTIMIZATION_LEVEL = "-O";
				VALIDATE_PRODUCT = YES;
			};
			name = Release;
		};
		007BAEA22A051D240098E3CD /* Debug */ = {
			isa = XCBuildConfiguration;
			buildSettings = {
				ASSETCATALOG_COMPILER_APPICON_NAME = AppIcon;
				ASSETCATALOG_COMPILER_GLOBAL_ACCENT_COLOR_NAME = AccentColor;
				CODE_SIGN_STYLE = Automatic;
				CURRENT_PROJECT_VERSION = 1;
				DEVELOPMENT_ASSET_PATHS = "\"ethereal/Preview Content\"";
				ENABLE_PREVIEWS = YES;
				GENERATE_INFOPLIST_FILE = YES;
				INFOPLIST_KEY_UIApplicationSceneManifest_Generation = YES;
				INFOPLIST_KEY_UIApplicationSupportsIndirectInputEvents = YES;
				INFOPLIST_KEY_UILaunchScreen_Generation = YES;
				INFOPLIST_KEY_UISupportedInterfaceOrientations_iPad = "UIInterfaceOrientationPortrait UIInterfaceOrientationPortraitUpsideDown UIInterfaceOrientationLandscapeLeft UIInterfaceOrientationLandscapeRight";
				INFOPLIST_KEY_UISupportedInterfaceOrientations_iPhone = "UIInterfaceOrientationPortrait UIInterfaceOrientationLandscapeLeft UIInterfaceOrientationLandscapeRight";
				LD_RUNPATH_SEARCH_PATHS = (
					"$(inherited)",
					"@executable_path/Frameworks",
				);
				MARKETING_VERSION = 1.0;
				PRODUCT_BUNDLE_IDENTIFIER = accedia.ethereal;
				PRODUCT_NAME = "$(TARGET_NAME)";
				SWIFT_EMIT_LOC_STRINGS = YES;
				SWIFT_VERSION = 5.0;
				TARGETED_DEVICE_FAMILY = "1,2";
			};
			name = Debug;
		};
		007BAEA32A051D240098E3CD /* Release */ = {
			isa = XCBuildConfiguration;
			buildSettings = {
				ASSETCATALOG_COMPILER_APPICON_NAME = AppIcon;
				ASSETCATALOG_COMPILER_GLOBAL_ACCENT_COLOR_NAME = AccentColor;
				CODE_SIGN_STYLE = Automatic;
				CURRENT_PROJECT_VERSION = 1;
				DEVELOPMENT_ASSET_PATHS = "\"ethereal/Preview Content\"";
				ENABLE_PREVIEWS = YES;
				GENERATE_INFOPLIST_FILE = YES;
				INFOPLIST_KEY_UIApplicationSceneManifest_Generation = YES;
				INFOPLIST_KEY_UIApplicationSupportsIndirectInputEvents = YES;
				INFOPLIST_KEY_UILaunchScreen_Generation = YES;
				INFOPLIST_KEY_UISupportedInterfaceOrientations_iPad = "UIInterfaceOrientationPortrait UIInterfaceOrientationPortraitUpsideDown UIInterfaceOrientationLandscapeLeft UIInterfaceOrientationLandscapeRight";
				INFOPLIST_KEY_UISupportedInterfaceOrientations_iPhone = "UIInterfaceOrientationPortrait UIInterfaceOrientationLandscapeLeft UIInterfaceOrientationLandscapeRight";
				LD_RUNPATH_SEARCH_PATHS = (
					"$(inherited)",
					"@executable_path/Frameworks",
				);
				MARKETING_VERSION = 1.0;
				PRODUCT_BUNDLE_IDENTIFIER = accedia.ethereal;
				PRODUCT_NAME = "$(TARGET_NAME)";
				SWIFT_EMIT_LOC_STRINGS = YES;
				SWIFT_VERSION = 5.0;
				TARGETED_DEVICE_FAMILY = "1,2";
			};
			name = Release;
		};
		007BAEA52A051D240098E3CD /* Debug */ = {
			isa = XCBuildConfiguration;
			buildSettings = {
				ALWAYS_EMBED_SWIFT_STANDARD_LIBRARIES = YES;
				BUNDLE_LOADER = "$(TEST_HOST)";
				CODE_SIGN_STYLE = Automatic;
				CURRENT_PROJECT_VERSION = 1;
				GENERATE_INFOPLIST_FILE = YES;
				IPHONEOS_DEPLOYMENT_TARGET = 16.4;
				MARKETING_VERSION = 1.0;
				PRODUCT_BUNDLE_IDENTIFIER = accedia.etherealTests;
				PRODUCT_NAME = "$(TARGET_NAME)";
				SWIFT_EMIT_LOC_STRINGS = NO;
				SWIFT_VERSION = 5.0;
				TARGETED_DEVICE_FAMILY = "1,2";
				TEST_HOST = "$(BUILT_PRODUCTS_DIR)/ethereal.app/$(BUNDLE_EXECUTABLE_FOLDER_PATH)/ethereal";
			};
			name = Debug;
		};
		007BAEA62A051D240098E3CD /* Release */ = {
			isa = XCBuildConfiguration;
			buildSettings = {
				ALWAYS_EMBED_SWIFT_STANDARD_LIBRARIES = YES;
				BUNDLE_LOADER = "$(TEST_HOST)";
				CODE_SIGN_STYLE = Automatic;
				CURRENT_PROJECT_VERSION = 1;
				GENERATE_INFOPLIST_FILE = YES;
				IPHONEOS_DEPLOYMENT_TARGET = 16.4;
				MARKETING_VERSION = 1.0;
				PRODUCT_BUNDLE_IDENTIFIER = accedia.etherealTests;
				PRODUCT_NAME = "$(TARGET_NAME)";
				SWIFT_EMIT_LOC_STRINGS = NO;
				SWIFT_VERSION = 5.0;
				TARGETED_DEVICE_FAMILY = "1,2";
				TEST_HOST = "$(BUILT_PRODUCTS_DIR)/ethereal.app/$(BUNDLE_EXECUTABLE_FOLDER_PATH)/ethereal";
			};
			name = Release;
		};
		007BAEA82A051D240098E3CD /* Debug */ = {
			isa = XCBuildConfiguration;
			buildSettings = {
				ALWAYS_EMBED_SWIFT_STANDARD_LIBRARIES = YES;
				CODE_SIGN_STYLE = Automatic;
				CURRENT_PROJECT_VERSION = 1;
				GENERATE_INFOPLIST_FILE = YES;
				MARKETING_VERSION = 1.0;
				PRODUCT_BUNDLE_IDENTIFIER = accedia.etherealUITests;
				PRODUCT_NAME = "$(TARGET_NAME)";
				SWIFT_EMIT_LOC_STRINGS = NO;
				SWIFT_VERSION = 5.0;
				TARGETED_DEVICE_FAMILY = "1,2";
				TEST_TARGET_NAME = ethereal;
			};
			name = Debug;
		};
		007BAEA92A051D240098E3CD /* Release */ = {
			isa = XCBuildConfiguration;
			buildSettings = {
				ALWAYS_EMBED_SWIFT_STANDARD_LIBRARIES = YES;
				CODE_SIGN_STYLE = Automatic;
				CURRENT_PROJECT_VERSION = 1;
				GENERATE_INFOPLIST_FILE = YES;
				MARKETING_VERSION = 1.0;
				PRODUCT_BUNDLE_IDENTIFIER = accedia.etherealUITests;
				PRODUCT_NAME = "$(TARGET_NAME)";
				SWIFT_EMIT_LOC_STRINGS = NO;
				SWIFT_VERSION = 5.0;
				TARGETED_DEVICE_FAMILY = "1,2";
				TEST_TARGET_NAME = ethereal;
			};
			name = Release;
		};
/* End XCBuildConfiguration section */

/* Begin XCConfigurationList section */
		007BAE782A051D210098E3CD /* Build configuration list for PBXProject "ethereal" */ = {
			isa = XCConfigurationList;
			buildConfigurations = (
				007BAE9F2A051D240098E3CD /* Debug */,
				007BAEA02A051D240098E3CD /* Release */,
			);
			defaultConfigurationIsVisible = 0;
			defaultConfigurationName = Release;
		};
		007BAEA12A051D240098E3CD /* Build configuration list for PBXNativeTarget "ethereal" */ = {
			isa = XCConfigurationList;
			buildConfigurations = (
				007BAEA22A051D240098E3CD /* Debug */,
				007BAEA32A051D240098E3CD /* Release */,
			);
			defaultConfigurationIsVisible = 0;
			defaultConfigurationName = Release;
		};
		007BAEA42A051D240098E3CD /* Build configuration list for PBXNativeTarget "etherealTests" */ = {
			isa = XCConfigurationList;
			buildConfigurations = (
				007BAEA52A051D240098E3CD /* Debug */,
				007BAEA62A051D240098E3CD /* Release */,
			);
			defaultConfigurationIsVisible = 0;
			defaultConfigurationName = Release;
		};
		007BAEA72A051D240098E3CD /* Build configuration list for PBXNativeTarget "etherealUITests" */ = {
			isa = XCConfigurationList;
			buildConfigurations = (
				007BAEA82A051D240098E3CD /* Debug */,
				007BAEA92A051D240098E3CD /* Release */,
			);
			defaultConfigurationIsVisible = 0;
			defaultConfigurationName = Release;
		};
/* End XCConfigurationList section */
	};
	rootObject = 007BAE752A051D210098E3CD /* Project object */;
}
